data.aws_availability_zones.available: Reading...
module.ec2_instances.data.aws_ami.amazon_linux: Reading...
data.aws_availability_zones.available: Read complete after 1s [id=us-east-1]
module.ec2_instances.data.aws_ami.amazon_linux: Read complete after 4s [id=ami-06eecef118bbf9259]

Terraform used the selected providers to generate the following execution
plan. Resource actions are indicated with the following symbols:
  + create

Terraform will perform the following actions:

  # aws_db_instance.database will be created
  + resource "aws_db_instance" "database" {
      + address                               = (known after apply)
      + allocated_storage                     = 5
      + apply_immediately                     = (known after apply)
      + arn                                   = (known after apply)
      + auto_minor_version_upgrade            = true
      + availability_zone                     = (known after apply)
      + backup_retention_period               = (known after apply)
      + backup_window                         = (known after apply)
      + ca_cert_identifier                    = (known after apply)
      + character_set_name                    = (known after apply)
      + copy_tags_to_snapshot                 = false
      + db_subnet_group_name                  = (known after apply)
      + delete_automated_backups              = true
      + endpoint                              = (known after apply)
      + engine                                = "mysql"
      + engine_version                        = (known after apply)
      + hosted_zone_id                        = (known after apply)
      + id                                    = (known after apply)
      + identifier                            = (known after apply)
      + identifier_prefix                     = (known after apply)
      + instance_class                        = "db.t2.micro"
      + kms_key_id                            = (known after apply)
      + latest_restorable_time                = (known after apply)
      + license_model                         = (known after apply)
      + maintenance_window                    = (known after apply)
      + monitoring_interval                   = 0
      + monitoring_role_arn                   = (known after apply)
      + multi_az                              = (known after apply)
      + name                                  = (known after apply)
      + option_group_name                     = (known after apply)
      + parameter_group_name                  = (known after apply)
      + password                              = (sensitive value)
      + performance_insights_enabled          = false
      + performance_insights_kms_key_id       = (known after apply)
      + performance_insights_retention_period = (known after apply)
      + port                                  = (known after apply)
      + publicly_accessible                   = false
      + replicas                              = (known after apply)
      + resource_id                           = (known after apply)
      + skip_final_snapshot                   = true
      + status                                = (known after apply)
      + storage_type                          = (known after apply)
      + timezone                              = (known after apply)
      + username                              = "admin"
      + vpc_security_group_ids                = (known after apply)
    }

  # aws_db_subnet_group.private will be created
  + resource "aws_db_subnet_group" "private" {
      + arn         = (known after apply)
      + description = "Managed by Terraform"
      + id          = (known after apply)
      + name        = (known after apply)
      + name_prefix = (known after apply)
      + subnet_ids  = (known after apply)
    }

  # random_string.lb_id will be created
  + resource "random_string" "lb_id" {
      + id          = (known after apply)
      + length      = 3
      + lower       = true
      + min_lower   = 0
      + min_numeric = 0
      + min_special = 0
      + min_upper   = 0
      + number      = true
      + result      = (known after apply)
      + special     = false
      + upper       = true
    }

  # module.ec2_instances.aws_instance.app[0] will be created
  + resource "aws_instance" "app" {
      + ami                          = "ami-06eecef118bbf9259"
      + arn                          = (known after apply)
      + associate_public_ip_address  = (known after apply)
      + availability_zone            = (known after apply)
      + cpu_core_count               = (known after apply)
      + cpu_threads_per_core         = (known after apply)
      + get_password_data            = false
      + host_id                      = (known after apply)
      + id                           = (known after apply)
      + instance_state               = (known after apply)
      + instance_type                = "t2.micro"
      + ipv6_address_count           = (known after apply)
      + ipv6_addresses               = (known after apply)
      + key_name                     = (known after apply)
      + outpost_arn                  = (known after apply)
      + password_data                = (known after apply)
      + placement_group              = (known after apply)
      + primary_network_interface_id = (known after apply)
      + private_dns                  = (known after apply)
      + private_ip                   = (known after apply)
      + public_dns                   = (known after apply)
      + public_ip                    = (known after apply)
      + secondary_private_ips        = (known after apply)
      + security_groups              = (known after apply)
      + source_dest_check            = true
      + subnet_id                    = (known after apply)
      + tenancy                      = (known after apply)
      + user_data                    = "3b21b980468438c9034158841596d57f1283de5c"
      + volume_tags                  = (known after apply)
      + vpc_security_group_ids       = (known after apply)

      + ebs_block_device {
          + delete_on_termination = (known after apply)
          + device_name           = (known after apply)
          + encrypted             = (known after apply)
          + iops                  = (known after apply)
          + kms_key_id            = (known after apply)
          + snapshot_id           = (known after apply)
          + volume_id             = (known after apply)
          + volume_size           = (known after apply)
          + volume_type           = (known after apply)
        }

      + ephemeral_block_device {
          + device_name  = (known after apply)
          + no_device    = (known after apply)
          + virtual_name = (known after apply)
        }

      + metadata_options {
          + http_endpoint               = (known after apply)
          + http_put_response_hop_limit = (known after apply)
          + http_tokens                 = (known after apply)
        }

      + network_interface {
          + delete_on_termination = (known after apply)
          + device_index          = (known after apply)
          + network_interface_id  = (known after apply)
        }

      + root_block_device {
          + delete_on_termination = (known after apply)
          + device_name           = (known after apply)
          + encrypted             = (known after apply)
          + iops                  = (known after apply)
          + kms_key_id            = (known after apply)
          + volume_id             = (known after apply)
          + volume_size           = (known after apply)
          + volume_type           = (known after apply)
        }
    }

  # module.ec2_instances.aws_instance.app[1] will be created
  + resource "aws_instance" "app" {
      + ami                          = "ami-06eecef118bbf9259"
      + arn                          = (known after apply)
      + associate_public_ip_address  = (known after apply)
      + availability_zone            = (known after apply)
      + cpu_core_count               = (known after apply)
      + cpu_threads_per_core         = (known after apply)
      + get_password_data            = false
      + host_id                      = (known after apply)
      + id                           = (known after apply)
      + instance_state               = (known after apply)
      + instance_type                = "t2.micro"
      + ipv6_address_count           = (known after apply)
      + ipv6_addresses               = (known after apply)
      + key_name                     = (known after apply)
      + outpost_arn                  = (known after apply)
      + password_data                = (known after apply)
      + placement_group              = (known after apply)
      + primary_network_interface_id = (known after apply)
      + private_dns                  = (known after apply)
      + private_ip                   = (known after apply)
      + public_dns                   = (known after apply)
      + public_ip                    = (known after apply)
      + secondary_private_ips        = (known after apply)
      + security_groups              = (known after apply)
      + source_dest_check            = true
      + subnet_id                    = (known after apply)
      + tenancy                      = (known after apply)
      + user_data                    = "3b21b980468438c9034158841596d57f1283de5c"
      + volume_tags                  = (known after apply)
      + vpc_security_group_ids       = (known after apply)

      + ebs_block_device {
          + delete_on_termination = (known after apply)
          + device_name           = (known after apply)
          + encrypted             = (known after apply)
          + iops                  = (known after apply)
          + kms_key_id            = (known after apply)
          + snapshot_id           = (known after apply)
          + volume_id             = (known after apply)
          + volume_size           = (known after apply)
          + volume_type           = (known after apply)
        }

      + ephemeral_block_device {
          + device_name  = (known after apply)
          + no_device    = (known after apply)
          + virtual_name = (known after apply)
        }

      + metadata_options {
          + http_endpoint               = (known after apply)
          + http_put_response_hop_limit = (known after apply)
          + http_tokens                 = (known after apply)
        }

      + network_interface {
          + delete_on_termination = (known after apply)
          + device_index          = (known after apply)
          + network_interface_id  = (known after apply)
        }

      + root_block_device {
          + delete_on_termination = (known after apply)
          + device_name           = (known after apply)
          + encrypted             = (known after apply)
          + iops                  = (known after apply)
          + kms_key_id            = (known after apply)
          + volume_id             = (known after apply)
          + volume_size           = (known after apply)
          + volume_type           = (known after apply)
        }
    }

  # module.ec2_instances.aws_instance.app[2] will be created
  + resource "aws_instance" "app" {
      + ami                          = "ami-06eecef118bbf9259"
      + arn                          = (known after apply)
      + associate_public_ip_address  = (known after apply)
      + availability_zone            = (known after apply)
      + cpu_core_count               = (known after apply)
      + cpu_threads_per_core         = (known after apply)
      + get_password_data            = false
      + host_id                      = (known after apply)
      + id                           = (known after apply)
      + instance_state               = (known after apply)
      + instance_type                = "t2.micro"
      + ipv6_address_count           = (known after apply)
      + ipv6_addresses               = (known after apply)
      + key_name                     = (known after apply)
      + outpost_arn                  = (known after apply)
      + password_data                = (known after apply)
      + placement_group              = (known after apply)
      + primary_network_interface_id = (known after apply)
      + private_dns                  = (known after apply)
      + private_ip                   = (known after apply)
      + public_dns                   = (known after apply)
      + public_ip                    = (known after apply)
      + secondary_private_ips        = (known after apply)
      + security_groups              = (known after apply)
      + source_dest_check            = true
      + subnet_id                    = (known after apply)
      + tenancy                      = (known after apply)
      + user_data                    = "3b21b980468438c9034158841596d57f1283de5c"
      + volume_tags                  = (known after apply)
      + vpc_security_group_ids       = (known after apply)

      + ebs_block_device {
          + delete_on_termination = (known after apply)
          + device_name           = (known after apply)
          + encrypted             = (known after apply)
          + iops                  = (known after apply)
          + kms_key_id            = (known after apply)
          + snapshot_id           = (known after apply)
          + volume_id             = (known after apply)
          + volume_size           = (known after apply)
          + volume_type           = (known after apply)
        }

      + ephemeral_block_device {
          + device_name  = (known after apply)
          + no_device    = (known after apply)
          + virtual_name = (known after apply)
        }

      + metadata_options {
          + http_endpoint               = (known after apply)
          + http_put_response_hop_limit = (known after apply)
          + http_tokens                 = (known after apply)
        }

      + network_interface {
          + delete_on_termination = (known after apply)
          + device_index          = (known after apply)
          + network_interface_id  = (known after apply)
        }

      + root_block_device {
          + delete_on_termination = (known after apply)
          + device_name           = (known after apply)
          + encrypted             = (known after apply)
          + iops                  = (known after apply)
          + kms_key_id            = (known after apply)
          + volume_id             = (known after apply)
          + volume_size           = (known after apply)
          + volume_type           = (known after apply)
        }
    }

  # module.ec2_instances.aws_instance.app[3] will be created
  + resource "aws_instance" "app" {
      + ami                          = "ami-06eecef118bbf9259"
      + arn                          = (known after apply)
      + associate_public_ip_address  = (known after apply)
      + availability_zone            = (known after apply)
      + cpu_core_count               = (known after apply)
      + cpu_threads_per_core         = (known after apply)
      + get_password_data            = false
      + host_id                      = (known after apply)
      + id                           = (known after apply)
      + instance_state               = (known after apply)
      + instance_type                = "t2.micro"
      + ipv6_address_count           = (known after apply)
      + ipv6_addresses               = (known after apply)
      + key_name                     = (known after apply)
      + outpost_arn                  = (known after apply)
      + password_data                = (known after apply)
      + placement_group              = (known after apply)
      + primary_network_interface_id = (known after apply)
      + private_dns                  = (known after apply)
      + private_ip                   = (known after apply)
      + public_dns                   = (known after apply)
      + public_ip                    = (known after apply)
      + secondary_private_ips        = (known after apply)
      + security_groups              = (known after apply)
      + source_dest_check            = true
      + subnet_id                    = (known after apply)
      + tenancy                      = (known after apply)
      + user_data                    = "3b21b980468438c9034158841596d57f1283de5c"
      + volume_tags                  = (known after apply)
      + vpc_security_group_ids       = (known after apply)

      + ebs_block_device {
          + delete_on_termination = (known after apply)
          + device_name           = (known after apply)
          + encrypted             = (known after apply)
          + iops                  = (known after apply)
          + kms_key_id            = (known after apply)
          + snapshot_id           = (known after apply)
          + volume_id             = (known after apply)
          + volume_size           = (known after apply)
          + volume_type           = (known after apply)
        }

      + ephemeral_block_device {
          + device_name  = (known after apply)
          + no_device    = (known after apply)
          + virtual_name = (known after apply)
        }

      + metadata_options {
          + http_endpoint               = (known after apply)
          + http_put_response_hop_limit = (known after apply)
          + http_tokens                 = (known after apply)
        }

      + network_interface {
          + delete_on_termination = (known after apply)
          + device_index          = (known after apply)
          + network_interface_id  = (known after apply)
        }

      + root_block_device {
          + delete_on_termination = (known after apply)
          + device_name           = (known after apply)
          + encrypted             = (known after apply)
          + iops                  = (known after apply)
          + kms_key_id            = (known after apply)
          + volume_id             = (known after apply)
          + volume_size           = (known after apply)
          + volume_type           = (known after apply)
        }
    }

  # module.vpc.aws_eip.nat[0] will be created
  + resource "aws_eip" "nat" {
      + allocation_id        = (known after apply)
      + association_id       = (known after apply)
      + customer_owned_ip    = (known after apply)
      + domain               = (known after apply)
      + id                   = (known after apply)
      + instance             = (known after apply)
      + network_border_group = (known after apply)
      + network_interface    = (known after apply)
      + private_dns          = (known after apply)
      + private_ip           = (known after apply)
      + public_dns           = (known after apply)
      + public_ip            = (known after apply)
      + public_ipv4_pool     = (known after apply)
      + tags                 = {
          + "Name" = "-us-east-1a"
        }
      + vpc                  = true
    }

  # module.vpc.aws_eip.nat[1] will be created
  + resource "aws_eip" "nat" {
      + allocation_id        = (known after apply)
      + association_id       = (known after apply)
      + customer_owned_ip    = (known after apply)
      + domain               = (known after apply)
      + id                   = (known after apply)
      + instance             = (known after apply)
      + network_border_group = (known after apply)
      + network_interface    = (known after apply)
      + private_dns          = (known after apply)
      + private_ip           = (known after apply)
      + public_dns           = (known after apply)
      + public_ip            = (known after apply)
      + public_ipv4_pool     = (known after apply)
      + tags                 = {
          + "Name" = "-us-east-1b"
        }
      + vpc                  = true
    }

  # module.vpc.aws_internet_gateway.this[0] will be created
  + resource "aws_internet_gateway" "this" {
      + arn      = (known after apply)
      + id       = (known after apply)
      + owner_id = (known after apply)
      + tags     = {
          + "Name" = ""
        }
      + vpc_id   = (known after apply)
    }

  # module.vpc.aws_nat_gateway.this[0] will be created
  + resource "aws_nat_gateway" "this" {
      + allocation_id        = (known after apply)
      + id                   = (known after apply)
      + network_interface_id = (known after apply)
      + private_ip           = (known after apply)
      + public_ip            = (known after apply)
      + subnet_id            = (known after apply)
      + tags                 = {
          + "Name" = "-us-east-1a"
        }
    }

  # module.vpc.aws_nat_gateway.this[1] will be created
  + resource "aws_nat_gateway" "this" {
      + allocation_id        = (known after apply)
      + id                   = (known after apply)
      + network_interface_id = (known after apply)
      + private_ip           = (known after apply)
      + public_ip            = (known after apply)
      + subnet_id            = (known after apply)
      + tags                 = {
          + "Name" = "-us-east-1b"
        }
    }

  # module.vpc.aws_route.private_nat_gateway[0] will be created
  + resource "aws_route" "private_nat_gateway" {
      + destination_cidr_block     = "0.0.0.0/0"
      + destination_prefix_list_id = (known after apply)
      + egress_only_gateway_id     = (known after apply)
      + gateway_id                 = (known after apply)
      + id                         = (known after apply)
      + instance_id                = (known after apply)
      + instance_owner_id          = (known after apply)
      + local_gateway_id           = (known after apply)
      + nat_gateway_id             = (known after apply)
      + network_interface_id       = (known after apply)
      + origin                     = (known after apply)
      + route_table_id             = (known after apply)
      + state                      = (known after apply)

      + timeouts {
          + create = "5m"
        }
    }

  # module.vpc.aws_route.private_nat_gateway[1] will be created
  + resource "aws_route" "private_nat_gateway" {
      + destination_cidr_block     = "0.0.0.0/0"
      + destination_prefix_list_id = (known after apply)
      + egress_only_gateway_id     = (known after apply)
      + gateway_id                 = (known after apply)
      + id                         = (known after apply)
      + instance_id                = (known after apply)
      + instance_owner_id          = (known after apply)
      + local_gateway_id           = (known after apply)
      + nat_gateway_id             = (known after apply)
      + network_interface_id       = (known after apply)
      + origin                     = (known after apply)
      + route_table_id             = (known after apply)
      + state                      = (known after apply)

      + timeouts {
          + create = "5m"
        }
    }

  # module.vpc.aws_route.public_internet_gateway[0] will be created
  + resource "aws_route" "public_internet_gateway" {
      + destination_cidr_block     = "0.0.0.0/0"
      + destination_prefix_list_id = (known after apply)
      + egress_only_gateway_id     = (known after apply)
      + gateway_id                 = (known after apply)
      + id                         = (known after apply)
      + instance_id                = (known after apply)
      + instance_owner_id          = (known after apply)
      + local_gateway_id           = (known after apply)
      + nat_gateway_id             = (known after apply)
      + network_interface_id       = (known after apply)
      + origin                     = (known after apply)
      + route_table_id             = (known after apply)
      + state                      = (known after apply)

      + timeouts {
          + create = "5m"
        }
    }

  # module.vpc.aws_route_table.private[0] will be created
  + resource "aws_route_table" "private" {
      + id               = (known after apply)
      + owner_id         = (known after apply)
      + propagating_vgws = (known after apply)
      + route            = (known after apply)
      + tags             = {
          + "Name" = "-private-us-east-1a"
        }
      + vpc_id           = (known after apply)
    }

  # module.vpc.aws_route_table.private[1] will be created
  + resource "aws_route_table" "private" {
      + id               = (known after apply)
      + owner_id         = (known after apply)
      + propagating_vgws = (known after apply)
      + route            = (known after apply)
      + tags             = {
          + "Name" = "-private-us-east-1b"
        }
      + vpc_id           = (known after apply)
    }

  # module.vpc.aws_route_table.public[0] will be created
  + resource "aws_route_table" "public" {
      + id               = (known after apply)
      + owner_id         = (known after apply)
      + propagating_vgws = (known after apply)
      + route            = (known after apply)
      + tags             = {
          + "Name" = "-public"
        }
      + vpc_id           = (known after apply)
    }

  # module.vpc.aws_route_table_association.private[0] will be created
  + resource "aws_route_table_association" "private" {
      + id             = (known after apply)
      + route_table_id = (known after apply)
      + subnet_id      = (known after apply)
    }

  # module.vpc.aws_route_table_association.private[1] will be created
  + resource "aws_route_table_association" "private" {
      + id             = (known after apply)
      + route_table_id = (known after apply)
      + subnet_id      = (known after apply)
    }

  # module.vpc.aws_route_table_association.public[0] will be created
  + resource "aws_route_table_association" "public" {
      + id             = (known after apply)
      + route_table_id = (known after apply)
      + subnet_id      = (known after apply)
    }

  # module.vpc.aws_route_table_association.public[1] will be created
  + resource "aws_route_table_association" "public" {
      + id             = (known after apply)
      + route_table_id = (known after apply)
      + subnet_id      = (known after apply)
    }

  # module.vpc.aws_subnet.private[0] will be created
  + resource "aws_subnet" "private" {
      + arn                             = (known after apply)
      + assign_ipv6_address_on_creation = false
      + availability_zone               = "us-east-1a"
      + availability_zone_id            = (known after apply)
      + cidr_block                      = "10.0.101.0/24"
      + id                              = (known after apply)
      + ipv6_cidr_block_association_id  = (known after apply)
      + map_public_ip_on_launch         = false
      + owner_id                        = (known after apply)
      + tags                            = {
          + "Name" = "-private-us-east-1a"
        }
      + vpc_id                          = (known after apply)
    }

  # module.vpc.aws_subnet.private[1] will be created
  + resource "aws_subnet" "private" {
      + arn                             = (known after apply)
      + assign_ipv6_address_on_creation = false
      + availability_zone               = "us-east-1b"
      + availability_zone_id            = (known after apply)
      + cidr_block                      = "10.0.102.0/24"
      + id                              = (known after apply)
      + ipv6_cidr_block_association_id  = (known after apply)
      + map_public_ip_on_launch         = false
      + owner_id                        = (known after apply)
      + tags                            = {
          + "Name" = "-private-us-east-1b"
        }
      + vpc_id                          = (known after apply)
    }

  # module.vpc.aws_subnet.public[0] will be created
  + resource "aws_subnet" "public" {
      + arn                             = (known after apply)
      + assign_ipv6_address_on_creation = false
      + availability_zone               = "us-east-1a"
      + availability_zone_id            = (known after apply)
      + cidr_block                      = "10.0.1.0/24"
      + id                              = (known after apply)
      + ipv6_cidr_block_association_id  = (known after apply)
      + map_public_ip_on_launch         = true
      + owner_id                        = (known after apply)
      + tags                            = {
          + "Name" = "-public-us-east-1a"
        }
      + vpc_id                          = (known after apply)
    }

  # module.vpc.aws_subnet.public[1] will be created
  + resource "aws_subnet" "public" {
      + arn                             = (known after apply)
      + assign_ipv6_address_on_creation = false
      + availability_zone               = "us-east-1b"
      + availability_zone_id            = (known after apply)
      + cidr_block                      = "10.0.2.0/24"
      + id                              = (known after apply)
      + ipv6_cidr_block_association_id  = (known after apply)
      + map_public_ip_on_launch         = true
      + owner_id                        = (known after apply)
      + tags                            = {
          + "Name" = "-public-us-east-1b"
        }
      + vpc_id                          = (known after apply)
    }

  # module.vpc.aws_vpc.this[0] will be created
  + resource "aws_vpc" "this" {
      + arn                              = (known after apply)
      + assign_generated_ipv6_cidr_block = false
      + cidr_block                       = "10.0.0.0/16"
      + default_network_acl_id           = (known after apply)
      + default_route_table_id           = (known after apply)
      + default_security_group_id        = (known after apply)
      + dhcp_options_id                  = (known after apply)
      + enable_classiclink               = (known after apply)
      + enable_classiclink_dns_support   = (known after apply)
      + enable_dns_hostnames             = false
      + enable_dns_support               = true
      + id                               = (known after apply)
      + instance_tenancy                 = "default"
      + ipv6_association_id              = (known after apply)
      + ipv6_cidr_block                  = (known after apply)
      + main_route_table_id              = (known after apply)
      + owner_id                         = (known after apply)
      + tags                             = {
          + "Name" = ""
        }
    }

  # module.app_security_group.module.sg.aws_security_group.this_name_prefix[0] will be created
  + resource "aws_security_group" "this_name_prefix" {
      + arn                    = (known after apply)
      + description            = "Security group for web-servers with HTTP ports open within VPC"
      + egress                 = (known after apply)
      + id                     = (known after apply)
      + ingress                = (known after apply)
      + name                   = (known after apply)
      + name_prefix            = "web-server-sg-"
      + owner_id               = (known after apply)
      + revoke_rules_on_delete = false
      + tags                   = {
          + "Name" = "web-server-sg"
        }
      + vpc_id                 = (known after apply)
    }

  # module.app_security_group.module.sg.aws_security_group_rule.egress_rules[0] will be created
  + resource "aws_security_group_rule" "egress_rules" {
      + cidr_blocks              = [
          + "0.0.0.0/0",
        ]
      + description              = "All protocols"
      + from_port                = -1
      + id                       = (known after apply)
      + ipv6_cidr_blocks         = [
          + "::/0",
        ]
      + prefix_list_ids          = []
      + protocol                 = "-1"
      + security_group_id        = (known after apply)
      + self                     = false
      + source_security_group_id = (known after apply)
      + to_port                  = -1
      + type                     = "egress"
    }

  # module.app_security_group.module.sg.aws_security_group_rule.ingress_rules[0] will be created
  + resource "aws_security_group_rule" "ingress_rules" {
      + cidr_blocks              = [
          + "10.0.1.0/24",
          + "10.0.2.0/24",
        ]
      + description              = "HTTP"
      + from_port                = 80
      + id                       = (known after apply)
      + ipv6_cidr_blocks         = []
      + prefix_list_ids          = []
      + protocol                 = "tcp"
      + security_group_id        = (known after apply)
      + self                     = false
      + source_security_group_id = (known after apply)
      + to_port                  = 80
      + type                     = "ingress"
    }

  # module.app_security_group.module.sg.aws_security_group_rule.ingress_rules[1] will be created
  + resource "aws_security_group_rule" "ingress_rules" {
      + cidr_blocks              = [
          + "10.0.1.0/24",
          + "10.0.2.0/24",
        ]
      + description              = "HTTP"
      + from_port                = 8080
      + id                       = (known after apply)
      + ipv6_cidr_blocks         = []
      + prefix_list_ids          = []
      + protocol                 = "tcp"
      + security_group_id        = (known after apply)
      + self                     = false
      + source_security_group_id = (known after apply)
      + to_port                  = 8080
      + type                     = "ingress"
    }

  # module.app_security_group.module.sg.aws_security_group_rule.ingress_rules[2] will be created
  + resource "aws_security_group_rule" "ingress_rules" {
      + cidr_blocks              = [
          + "10.0.1.0/24",
          + "10.0.2.0/24",
        ]
      + description              = "HTTPS"
      + from_port                = 443
      + id                       = (known after apply)
      + ipv6_cidr_blocks         = []
      + prefix_list_ids          = []
      + protocol                 = "tcp"
      + security_group_id        = (known after apply)
      + self                     = false
      + source_security_group_id = (known after apply)
      + to_port                  = 443
      + type                     = "ingress"
    }

  # module.app_security_group.module.sg.aws_security_group_rule.ingress_rules[3] will be created
  + resource "aws_security_group_rule" "ingress_rules" {
      + cidr_blocks              = [
          + "10.0.1.0/24",
          + "10.0.2.0/24",
        ]
      + description              = "JMX"
      + from_port                = 1099
      + id                       = (known after apply)
      + ipv6_cidr_blocks         = []
      + prefix_list_ids          = []
      + protocol                 = "tcp"
      + security_group_id        = (known after apply)
      + self                     = false
      + source_security_group_id = (known after apply)
      + to_port                  = 1099
      + type                     = "ingress"
    }

  # module.app_security_group.module.sg.aws_security_group_rule.ingress_with_self[0] will be created
  + resource "aws_security_group_rule" "ingress_with_self" {
      + description              = "Ingress Rule"
      + from_port                = -1
      + id                       = (known after apply)
      + prefix_list_ids          = []
      + protocol                 = "-1"
      + security_group_id        = (known after apply)
      + self                     = true
      + source_security_group_id = (known after apply)
      + to_port                  = -1
      + type                     = "ingress"
    }

  # module.elb_http.module.elb.aws_elb.this[0] will be created
  + resource "aws_elb" "this" {
      + arn                         = (known after apply)
      + availability_zones          = (known after apply)
      + connection_draining         = false
      + connection_draining_timeout = 300
      + cross_zone_load_balancing   = true
      + dns_name                    = (known after apply)
      + id                          = (known after apply)
      + idle_timeout                = 60
      + instances                   = (known after apply)
      + internal                    = false
      + name                        = (known after apply)
      + security_groups             = (known after apply)
      + source_security_group       = (known after apply)
      + source_security_group_id    = (known after apply)
      + subnets                     = (known after apply)
      + tags                        = (known after apply)
      + zone_id                     = (known after apply)

      + health_check {
          + healthy_threshold   = 3
          + interval            = 10
          + target              = "HTTP:80/index.html"
          + timeout             = 5
          + unhealthy_threshold = 10
        }

      + listener {
          + instance_port     = 80
          + instance_protocol = "HTTP"
          + lb_port           = 80
          + lb_protocol       = "HTTP"
        }
    }

  # module.elb_http.module.elb_attachment.aws_elb_attachment.this[0] will be created
  + resource "aws_elb_attachment" "this" {
      + elb      = (known after apply)
      + id       = (known after apply)
      + instance = (known after apply)
    }

  # module.elb_http.module.elb_attachment.aws_elb_attachment.this[1] will be created
  + resource "aws_elb_attachment" "this" {
      + elb      = (known after apply)
      + id       = (known after apply)
      + instance = (known after apply)
    }

  # module.elb_http.module.elb_attachment.aws_elb_attachment.this[2] will be created
  + resource "aws_elb_attachment" "this" {
      + elb      = (known after apply)
      + id       = (known after apply)
      + instance = (known after apply)
    }

  # module.elb_http.module.elb_attachment.aws_elb_attachment.this[3] will be created
  + resource "aws_elb_attachment" "this" {
      + elb      = (known after apply)
      + id       = (known after apply)
      + instance = (known after apply)
    }

  # module.lb_security_group.module.sg.aws_security_group.this_name_prefix[0] will be created
  + resource "aws_security_group" "this_name_prefix" {
      + arn                    = (known after apply)
      + description            = "Security group for load balancer with HTTP ports open within VPC"
      + egress                 = (known after apply)
      + id                     = (known after apply)
      + ingress                = (known after apply)
      + name                   = (known after apply)
      + name_prefix            = "lb-sg-project-alpha-dev-"
      + owner_id               = (known after apply)
      + revoke_rules_on_delete = false
      + tags                   = {
          + "Name" = "lb-sg-project-alpha-dev"
        }
      + vpc_id                 = (known after apply)
    }

  # module.lb_security_group.module.sg.aws_security_group_rule.egress_rules[0] will be created
  + resource "aws_security_group_rule" "egress_rules" {
      + cidr_blocks              = [
          + "0.0.0.0/0",
        ]
      + description              = "All protocols"
      + from_port                = -1
      + id                       = (known after apply)
      + ipv6_cidr_blocks         = [
          + "::/0",
        ]
      + prefix_list_ids          = []
      + protocol                 = "-1"
      + security_group_id        = (known after apply)
      + self                     = false
      + source_security_group_id = (known after apply)
      + to_port                  = -1
      + type                     = "egress"
    }

  # module.lb_security_group.module.sg.aws_security_group_rule.ingress_rules[0] will be created
  + resource "aws_security_group_rule" "ingress_rules" {
      + cidr_blocks              = [
          + "0.0.0.0/0",
        ]
      + description              = "HTTP"
      + from_port                = 80
      + id                       = (known after apply)
      + ipv6_cidr_blocks         = []
      + prefix_list_ids          = []
      + protocol                 = "tcp"
      + security_group_id        = (known after apply)
      + self                     = false
      + source_security_group_id = (known after apply)
      + to_port                  = 80
      + type                     = "ingress"
    }

  # module.lb_security_group.module.sg.aws_security_group_rule.ingress_rules[1] will be created
  + resource "aws_security_group_rule" "ingress_rules" {
      + cidr_blocks              = [
          + "0.0.0.0/0",
        ]
      + description              = "HTTP"
      + from_port                = 8080
      + id                       = (known after apply)
      + ipv6_cidr_blocks         = []
      + prefix_list_ids          = []
      + protocol                 = "tcp"
      + security_group_id        = (known after apply)
      + self                     = false
      + source_security_group_id = (known after apply)
      + to_port                  = 8080
      + type                     = "ingress"
    }

  # module.lb_security_group.module.sg.aws_security_group_rule.ingress_rules[2] will be created
  + resource "aws_security_group_rule" "ingress_rules" {
      + cidr_blocks              = [
          + "0.0.0.0/0",
        ]
      + description              = "HTTPS"
      + from_port                = 443
      + id                       = (known after apply)
      + ipv6_cidr_blocks         = []
      + prefix_list_ids          = []
      + protocol                 = "tcp"
      + security_group_id        = (known after apply)
      + self                     = false
      + source_security_group_id = (known after apply)
      + to_port                  = 443
      + type                     = "ingress"
    }

  # module.lb_security_group.module.sg.aws_security_group_rule.ingress_rules[3] will be created
  + resource "aws_security_group_rule" "ingress_rules" {
      + cidr_blocks              = [
          + "0.0.0.0/0",
        ]
      + description              = "JMX"
      + from_port                = 1099
      + id                       = (known after apply)
      + ipv6_cidr_blocks         = []
      + prefix_list_ids          = []
      + protocol                 = "tcp"
      + security_group_id        = (known after apply)
      + self                     = false
      + source_security_group_id = (known after apply)
      + to_port                  = 1099
      + type                     = "ingress"
    }

  # module.lb_security_group.module.sg.aws_security_group_rule.ingress_with_self[0] will be created
  + resource "aws_security_group_rule" "ingress_with_self" {
      + description              = "Ingress Rule"
      + from_port                = -1
      + id                       = (known after apply)
      + prefix_list_ids          = []
      + protocol                 = "-1"
      + security_group_id        = (known after apply)
      + self                     = true
      + source_security_group_id = (known after apply)
      + to_port                  = -1
      + type                     = "ingress"
    }

Plan: 46 to add, 0 to change, 0 to destroy.

Changes to Outputs:
  + db_password      = (sensitive value)
  + db_username      = (sensitive value)
  + lb_url           = (known after apply)
  + vpc_id           = (known after apply)
  + web_server_count = 4

─────────────────────────────────────────────────────────────────────────────

Note: You didn't use the -out option to save this plan, so Terraform can't
guarantee to take exactly these actions if you run "terraform apply" now.
